
Microsoft Visual Studio Solution File, Format Version 12.00
# Visual Studio Version 17
VisualStudioVersion = 17.9.34728.123
MinimumVisualStudioVersion = 10.0.40219.1
Project("{FAE04EC0-301F-11D3-BF4B-00C04F79EFBC}") = "Student Management System", "Student Management System\Student Management System.csproj", "{2F70D653-2F9F-4656-B062-FBE1F2064F53}"
EndProject
Global
	GlobalSection(SolutionConfigurationPlatforms) = preSolution
		Debug|Any CPU = Debug|Any CPU
		Release|Any CPU = Release|Any CPU
	EndGlobalSection
	GlobalSection(ProjectConfigurationPlatforms) = postSolution
		{2F70D653-2F9F-4656-B062-FBE1F2064F53}.Debug|Any CPU.ActiveCfg = Debug|Any CPU
		{2F70D653-2F9F-4656-B062-FBE1F2064F53}.Debug|Any CPU.Build.0 = Debug|Any CPU
		{2F70D653-2F9F-4656-B062-FBE1F2064F53}.Release|Any CPU.ActiveCfg = Release|Any CPU
		{2F70D653-2F9F-4656-B062-FBE1F2064F53}.Release|Any CPU.Build.0 = Release|Any CPU
	EndGlobalSection
	GlobalSection(SolutionProperties) = preSolution
		HideSolutionNode = FALSE
	EndGlobalSection
	GlobalSection(ExtensibilityGlobals) = postSolution
		SolutionGuid = {A1DDA9FB-0854-4DFF-A187-61C58FC90C2D}
	EndGlobalSection
EndGlobal
